dependencies:
- name: mysql
  repository: https://charts.bitnami.com/bitnami
  version: 14.0.3
- name: postgresql
  repository: https://charts.bitnami.com/bitnami
  version: 15.5.38
- name: solr
  repository: https://charts.bitnami.com/bitnami
  version: 9.6.1
- name: valkey
  repository: https://valkey-io.github.io/valkey-helm
  version: 0.9.3
- name: varnish
  repository: https://drupalwxt.github.io/helm-drupal
  version: 0.2.6
digest: sha256:4760a57e52de8f44dbcb8e4e58d8eb5e3e9363c15df8742e5735b84edce66070
generated: "2026-09-27T12:15:09.137082-04:00"
