dependencies:
- name: mysql
  repository: https://charts.helm.sh/stable
  version: 1.6.2
- name: minio
  repository: https://helm.min.io/
  version: 6.0.5
- name: postgresql
  repository: https://charts.bitnami.com/bitnami
  version: 8.6.4
- name: redis
  repository: https://charts.bitnami.com/bitnami
  version: 11.2.1
- name: varnish
  repository: https://statcan.github.io/charts
  version: 0.1.5
digest: sha256:70716b636bb8ba9374bfd6f3bd3e2375afa343e532101f788cb0015571d27a18
generated: "2020-12-18T14:20:58.438323-05:00"
