dependencies:
- name: mysql
  repository: https://kubernetes-charts.storage.googleapis.com
  version: 1.6.2
- name: minio
  repository: https://helm.min.io/
  version: 6.0.5
- name: postgresql
  repository: https://charts.bitnami.com/bitnami
  version: 8.6.4
- name: redis
  repository: https://charts.bitnami.com/bitnami
  version: 11.2.1
- name: varnish
  repository: https://statcan.github.io/charts
  version: 0.1.5
digest: sha256:defbf681c00c2cf7bf6e24e64a2654b3750fef0f99a26479554fc6afd5ec9601
generated: "2020-11-22T13:38:54.540791-05:00"
