dependencies:
- name: mysql
  repository: https://kubernetes-charts.storage.googleapis.com
  version: 1.6.2
- name: minio
  repository: https://kubernetes-charts.storage.googleapis.com
  version: 5.0.10
- name: postgresql
  repository: https://kubernetes-charts.storage.googleapis.com
  version: 8.6.4
digest: sha256:c31fc76d4c248eb0b78b4b0142260382c9578f4da41df5c135ef5859a92ff529
generated: 2020-05-12T00:16:53.434997-04:00
