dependencies:
- name: mysql
  repository: https://kubernetes-charts.storage.googleapis.com
  version: 0.19.0
- name: minio
  repository: https://kubernetes-charts.storage.googleapis.com
  version: 2.4.14
digest: sha256:7dd5cef06c4f5887fa31803e1d219a322621bdfd36da4c82de49ba6d7d632c76
generated: 2019-10-14T19:00:57.887939-04:00
