dependencies:
- name: mysql
  repository: https://kubernetes-charts.storage.googleapis.com
  version: 1.6.2
- name: minio
  repository: https://kubernetes-charts.storage.googleapis.com
  version: 5.0.10
- name: postgresql
  repository: https://kubernetes-charts.storage.googleapis.com
  version: 8.6.4
digest: sha256:edf6735cb3a806a5c0cab5546c68b095b1f5000fdde9f7691811fda043255211
generated: "2020-04-16T10:30:26.8701532-04:00"
