dependencies:
- name: mysql
  repository: https://charts.bitnami.com/bitnami
  version: 9.1.7
- name: postgresql
  repository: https://charts.bitnami.com/bitnami
  version: 11.6.6
- name: redis
  repository: https://charts.bitnami.com/bitnami
  version: 16.13.2
- name: varnish
  repository: https://statcan.github.io/charts
  version: 0.2.2
digest: sha256:eff9b22832514728f66d261ff5cac8a31b399b52171bf06c821fdf5fca3f7fb3
generated: "2023-01-16T08:45:02.67443-05:00"
